
Microsoft Visual Studio Solution File, Format Version 12.00
# Visual Studio 2015
Project("{FAE04EC0-301F-11D3-BF4B-00C04F79EFBC}") = "Pathfinding30072018-NeighboursInProgress", "Pathfinding30072018-NeighboursInProgress.csproj", "{87DDF083-6F86-EF3F-D6B8-515F56963E05}"
EndProject
Global
	GlobalSection(SolutionConfigurationPlatforms) = preSolution
		Debug|Any CPU = Debug|Any CPU
		Release|Any CPU = Release|Any CPU
	EndGlobalSection
	GlobalSection(ProjectConfigurationPlatforms) = postSolution
		{87DDF083-6F86-EF3F-D6B8-515F56963E05}.Debug|Any CPU.ActiveCfg = Debug|Any CPU
		{87DDF083-6F86-EF3F-D6B8-515F56963E05}.Debug|Any CPU.Build.0 = Debug|Any CPU
		{87DDF083-6F86-EF3F-D6B8-515F56963E05}.Release|Any CPU.ActiveCfg = Release|Any CPU
		{87DDF083-6F86-EF3F-D6B8-515F56963E05}.Release|Any CPU.Build.0 = Release|Any CPU
	EndGlobalSection
	GlobalSection(SolutionProperties) = preSolution
		HideSolutionNode = FALSE
	EndGlobalSection
EndGlobal
