
Microsoft Visual Studio Solution File, Format Version 12.00
# Visual Studio 2015
Project("{FAE04EC0-301F-11D3-BF4B-00C04F79EFBC}") = "Pathfinding27072018-NeighboursInProgress", "Pathfinding27072018-NeighboursInProgress.csproj", "{3C4277CA-678E-8C2B-4AD5-2AAD22297F0D}"
EndProject
Global
	GlobalSection(SolutionConfigurationPlatforms) = preSolution
		Debug|Any CPU = Debug|Any CPU
		Release|Any CPU = Release|Any CPU
	EndGlobalSection
	GlobalSection(ProjectConfigurationPlatforms) = postSolution
		{3C4277CA-678E-8C2B-4AD5-2AAD22297F0D}.Debug|Any CPU.ActiveCfg = Debug|Any CPU
		{3C4277CA-678E-8C2B-4AD5-2AAD22297F0D}.Debug|Any CPU.Build.0 = Debug|Any CPU
		{3C4277CA-678E-8C2B-4AD5-2AAD22297F0D}.Release|Any CPU.ActiveCfg = Release|Any CPU
		{3C4277CA-678E-8C2B-4AD5-2AAD22297F0D}.Release|Any CPU.Build.0 = Release|Any CPU
	EndGlobalSection
	GlobalSection(SolutionProperties) = preSolution
		HideSolutionNode = FALSE
	EndGlobalSection
EndGlobal
