
Microsoft Visual Studio Solution File, Format Version 12.00
# Visual Studio 2015
Project("{FAE04EC0-301F-11D3-BF4B-00C04F79EFBC}") = "Pathfinding08082018-FinishedAfterGUI", "Pathfinding08082018-FinishedAfterGUI.csproj", "{5359C58E-0E7E-F9BD-33D1-CABD875C3AAE}"
EndProject
Global
	GlobalSection(SolutionConfigurationPlatforms) = preSolution
		Debug|Any CPU = Debug|Any CPU
		Release|Any CPU = Release|Any CPU
	EndGlobalSection
	GlobalSection(ProjectConfigurationPlatforms) = postSolution
		{5359C58E-0E7E-F9BD-33D1-CABD875C3AAE}.Debug|Any CPU.ActiveCfg = Debug|Any CPU
		{5359C58E-0E7E-F9BD-33D1-CABD875C3AAE}.Debug|Any CPU.Build.0 = Debug|Any CPU
		{5359C58E-0E7E-F9BD-33D1-CABD875C3AAE}.Release|Any CPU.ActiveCfg = Release|Any CPU
		{5359C58E-0E7E-F9BD-33D1-CABD875C3AAE}.Release|Any CPU.Build.0 = Release|Any CPU
	EndGlobalSection
	GlobalSection(SolutionProperties) = preSolution
		HideSolutionNode = FALSE
	EndGlobalSection
EndGlobal
